// !$*UTF8*$!
{
	archiveVersion = 1;
	classes = {
	};
	objectVersion = 46;
	objects = {

/* Begin PBXBuildFile section */
		C72082D31D8B0F20006C345D /* SharkFeedCollectionViewController.m in Sources */ = {isa = PBXBuildFile; fileRef = C72082D21D8B0F20006C345D /* SharkFeedCollectionViewController.m */; };
		C72082D81D8B2858006C345D /* SharkPhotosCollectionViewCell.m in Sources */ = {isa = PBXBuildFile; fileRef = C72082D71D8B2858006C345D /* SharkPhotosCollectionViewCell.m */; };
		C72082DD1D8B7AB3006C345D /* SharkFeedServiceLibrary.m in Sources */ = {isa = PBXBuildFile; fileRef = C72082DC1D8B7AB3006C345D /* SharkFeedServiceLibrary.m */; };
		C72082E01D8B88D2006C345D /* SharkPhoto.m in Sources */ = {isa = PBXBuildFile; fileRef = C72082DF1D8B88D2006C345D /* SharkPhoto.m */; };
		C72082E81D8C498C006C345D /* LightBoxViewController.m in Sources */ = {isa = PBXBuildFile; fileRef = C72082E71D8C498C006C345D /* LightBoxViewController.m */; };
		C72082EB1D8C4B47006C345D /* PhotoInfo.m in Sources */ = {isa = PBXBuildFile; fileRef = C72082EA1D8C4B47006C345D /* PhotoInfo.m */; };
		C72082F51D8C76C5006C345D /* NavigationBarView.xib in Resources */ = {isa = PBXBuildFile; fileRef = C72082F41D8C76C5006C345D /* NavigationBarView.xib */; };
		C72083271D8DD8E3006C345D /* LightBoxSegue.m in Sources */ = {isa = PBXBuildFile; fileRef = C72083261D8DD8E3006C345D /* LightBoxSegue.m */; };
		C720832A1D8E3B0A006C345D /* UnwindLightBoxSegue.m in Sources */ = {isa = PBXBuildFile; fileRef = C72083291D8E3B0A006C345D /* UnwindLightBoxSegue.m */; };
		C7A66FAB1D8B0A78004B9F44 /* main.m in Sources */ = {isa = PBXBuildFile; fileRef = C7A66FAA1D8B0A78004B9F44 /* main.m */; };
		C7A66FAE1D8B0A78004B9F44 /* AppDelegate.m in Sources */ = {isa = PBXBuildFile; fileRef = C7A66FAD1D8B0A78004B9F44 /* AppDelegate.m */; };
		C7A66FB41D8B0A78004B9F44 /* Main.storyboard in Resources */ = {isa = PBXBuildFile; fileRef = C7A66FB21D8B0A78004B9F44 /* Main.storyboard */; };
		C7A66FB61D8B0A78004B9F44 /* Assets.xcassets in Resources */ = {isa = PBXBuildFile; fileRef = C7A66FB51D8B0A78004B9F44 /* Assets.xcassets */; };
		C7A66FB91D8B0A78004B9F44 /* LaunchScreen.storyboard in Resources */ = {isa = PBXBuildFile; fileRef = C7A66FB71D8B0A78004B9F44 /* LaunchScreen.storyboard */; };
		C7A66FC41D8B0A78004B9F44 /* SharkFeedTests.m in Sources */ = {isa = PBXBuildFile; fileRef = C7A66FC31D8B0A78004B9F44 /* SharkFeedTests.m */; };
		C7A66FCF1D8B0A78004B9F44 /* SharkFeedUITests.m in Sources */ = {isa = PBXBuildFile; fileRef = C7A66FCE1D8B0A78004B9F44 /* SharkFeedUITests.m */; };
/* End PBXBuildFile section */

/* Begin PBXContainerItemProxy section */
		C7A66FC01D8B0A78004B9F44 /* PBXContainerItemProxy */ = {
			isa = PBXContainerItemProxy;
			containerPortal = C7A66F9E1D8B0A77004B9F44 /* Project object */;
			proxyType = 1;
			remoteGlobalIDString = C7A66FA51D8B0A78004B9F44;
			remoteInfo = SharkFeed;
		};
		C7A66FCB1D8B0A78004B9F44 /* PBXContainerItemProxy */ = {
			isa = PBXContainerItemProxy;
			containerPortal = C7A66F9E1D8B0A77004B9F44 /* Project object */;
			proxyType = 1;
			remoteGlobalIDString = C7A66FA51D8B0A78004B9F44;
			remoteInfo = SharkFeed;
		};
/* End PBXContainerItemProxy section */

/* Begin PBXFileReference section */
		C72082D11D8B0F20006C345D /* SharkFeedCollectionViewController.h */ = {isa = PBXFileReference; fileEncoding = 4; lastKnownFileType = sourcecode.c.h; path = SharkFeedCollectionViewController.h; sourceTree = "<group>"; };
		C72082D21D8B0F20006C345D /* SharkFeedCollectionViewController.m */ = {isa = PBXFileReference; fileEncoding = 4; lastKnownFileType = sourcecode.c.objc; path = SharkFeedCollectionViewController.m; sourceTree = "<group>"; };
		C72082D61D8B2858006C345D /* SharkPhotosCollectionViewCell.h */ = {isa = PBXFileReference; fileEncoding = 4; lastKnownFileType = sourcecode.c.h; path = SharkPhotosCollectionViewCell.h; sourceTree = "<group>"; };
		C72082D71D8B2858006C345D /* SharkPhotosCollectionViewCell.m */ = {isa = PBXFileReference; fileEncoding = 4; lastKnownFileType = sourcecode.c.objc; path = SharkPhotosCollectionViewCell.m; sourceTree = "<group>"; };
		C72082DB1D8B7AB3006C345D /* SharkFeedServiceLibrary.h */ = {isa = PBXFileReference; fileEncoding = 4; lastKnownFileType = sourcecode.c.h; path = SharkFeedServiceLibrary.h; sourceTree = "<group>"; };
		C72082DC1D8B7AB3006C345D /* SharkFeedServiceLibrary.m */ = {isa = PBXFileReference; fileEncoding = 4; lastKnownFileType = sourcecode.c.objc; path = SharkFeedServiceLibrary.m; sourceTree = "<group>"; };
		C72082DE1D8B88D2006C345D /* SharkPhoto.h */ = {isa = PBXFileReference; fileEncoding = 4; lastKnownFileType = sourcecode.c.h; path = SharkPhoto.h; sourceTree = "<group>"; };
		C72082DF1D8B88D2006C345D /* SharkPhoto.m */ = {isa = PBXFileReference; fileEncoding = 4; lastKnownFileType = sourcecode.c.objc; path = SharkPhoto.m; sourceTree = "<group>"; };
		C72082E61D8C498C006C345D /* LightBoxViewController.h */ = {isa = PBXFileReference; fileEncoding = 4; lastKnownFileType = sourcecode.c.h; path = LightBoxViewController.h; sourceTree = "<group>"; };
		C72082E71D8C498C006C345D /* LightBoxViewController.m */ = {isa = PBXFileReference; fileEncoding = 4; lastKnownFileType = sourcecode.c.objc; path = LightBoxViewController.m; sourceTree = "<group>"; };
		C72082E91D8C4B47006C345D /* PhotoInfo.h */ = {isa = PBXFileReference; fileEncoding = 4; lastKnownFileType = sourcecode.c.h; path = PhotoInfo.h; sourceTree = "<group>"; };
		C72082EA1D8C4B47006C345D /* PhotoInfo.m */ = {isa = PBXFileReference; fileEncoding = 4; lastKnownFileType = sourcecode.c.objc; path = PhotoInfo.m; sourceTree = "<group>"; };
		C72082F41D8C76C5006C345D /* NavigationBarView.xib */ = {isa = PBXFileReference; fileEncoding = 4; lastKnownFileType = file.xib; path = NavigationBarView.xib; sourceTree = "<group>"; };
		C72083251D8DD8E3006C345D /* LightBoxSegue.h */ = {isa = PBXFileReference; fileEncoding = 4; lastKnownFileType = sourcecode.c.h; path = LightBoxSegue.h; sourceTree = "<group>"; };
		C72083261D8DD8E3006C345D /* LightBoxSegue.m */ = {isa = PBXFileReference; fileEncoding = 4; lastKnownFileType = sourcecode.c.objc; path = LightBoxSegue.m; sourceTree = "<group>"; };
		C72083281D8E3B0A006C345D /* UnwindLightBoxSegue.h */ = {isa = PBXFileReference; fileEncoding = 4; lastKnownFileType = sourcecode.c.h; path = UnwindLightBoxSegue.h; sourceTree = "<group>"; };
		C72083291D8E3B0A006C345D /* UnwindLightBoxSegue.m */ = {isa = PBXFileReference; fileEncoding = 4; lastKnownFileType = sourcecode.c.objc; path = UnwindLightBoxSegue.m; sourceTree = "<group>"; };
		C7A66FA61D8B0A78004B9F44 /* SharkFeed.app */ = {isa = PBXFileReference; explicitFileType = wrapper.application; includeInIndex = 0; path = SharkFeed.app; sourceTree = BUILT_PRODUCTS_DIR; };
		C7A66FAA1D8B0A78004B9F44 /* main.m */ = {isa = PBXFileReference; lastKnownFileType = sourcecode.c.objc; path = main.m; sourceTree = "<group>"; };
		C7A66FAC1D8B0A78004B9F44 /* AppDelegate.h */ = {isa = PBXFileReference; lastKnownFileType = sourcecode.c.h; path = AppDelegate.h; sourceTree = "<group>"; };
		C7A66FAD1D8B0A78004B9F44 /* AppDelegate.m */ = {isa = PBXFileReference; lastKnownFileType = sourcecode.c.objc; path = AppDelegate.m; sourceTree = "<group>"; };
		C7A66FB31D8B0A78004B9F44 /* Base */ = {isa = PBXFileReference; lastKnownFileType = file.storyboard; name = Base; path = Base.lproj/Main.storyboard; sourceTree = "<group>"; };
		C7A66FB51D8B0A78004B9F44 /* Assets.xcassets */ = {isa = PBXFileReference; lastKnownFileType = folder.assetcatalog; path = Assets.xcassets; sourceTree = "<group>"; };
		C7A66FB81D8B0A78004B9F44 /* Base */ = {isa = PBXFileReference; lastKnownFileType = file.storyboard; name = Base; path = Base.lproj/LaunchScreen.storyboard; sourceTree = "<group>"; };
		C7A66FBA1D8B0A78004B9F44 /* Info.plist */ = {isa = PBXFileReference; lastKnownFileType = text.plist.xml; path = Info.plist; sourceTree = "<group>"; };
		C7A66FBF1D8B0A78004B9F44 /* SharkFeedTests.xctest */ = {isa = PBXFileReference; explicitFileType = wrapper.cfbundle; includeInIndex = 0; path = SharkFeedTests.xctest; sourceTree = BUILT_PRODUCTS_DIR; };
		C7A66FC31D8B0A78004B9F44 /* SharkFeedTests.m */ = {isa = PBXFileReference; lastKnownFileType = sourcecode.c.objc; path = SharkFeedTests.m; sourceTree = "<group>"; };
		C7A66FC51D8B0A78004B9F44 /* Info.plist */ = {isa = PBXFileReference; lastKnownFileType = text.plist.xml; path = Info.plist; sourceTree = "<group>"; };
		C7A66FCA1D8B0A78004B9F44 /* SharkFeedUITests.xctest */ = {isa = PBXFileReference; explicitFileType = wrapper.cfbundle; includeInIndex = 0; path = SharkFeedUITests.xctest; sourceTree = BUILT_PRODUCTS_DIR; };
		C7A66FCE1D8B0A78004B9F44 /* SharkFeedUITests.m */ = {isa = PBXFileReference; lastKnownFileType = sourcecode.c.objc; path = SharkFeedUITests.m; sourceTree = "<group>"; };
		C7A66FD01D8B0A78004B9F44 /* Info.plist */ = {isa = PBXFileReference; lastKnownFileType = text.plist.xml; path = Info.plist; sourceTree = "<group>"; };
/* End PBXFileReference section */

/* Begin PBXFrameworksBuildPhase section */
		C7A66FA31D8B0A78004B9F44 /* Frameworks */ = {
			isa = PBXFrameworksBuildPhase;
			buildActionMask = 2147483647;
			files = (
			);
			runOnlyForDeploymentPostprocessing = 0;
		};
		C7A66FBC1D8B0A78004B9F44 /* Frameworks */ = {
			isa = PBXFrameworksBuildPhase;
			buildActionMask = 2147483647;
			files = (
			);
			runOnlyForDeploymentPostprocessing = 0;
		};
		C7A66FC71D8B0A78004B9F44 /* Frameworks */ = {
			isa = PBXFrameworksBuildPhase;
			buildActionMask = 2147483647;
			files = (
			);
			runOnlyForDeploymentPostprocessing = 0;
		};
/* End PBXFrameworksBuildPhase section */

/* Begin PBXGroup section */
		C7A66F9D1D8B0A77004B9F44 = {
			isa = PBXGroup;
			children = (
				C7A66FA81D8B0A78004B9F44 /* SharkFeed */,
				C7A66FC21D8B0A78004B9F44 /* SharkFeedTests */,
				C7A66FCD1D8B0A78004B9F44 /* SharkFeedUITests */,
				C7A66FA71D8B0A78004B9F44 /* Products */,
			);
			sourceTree = "<group>";
		};
		C7A66FA71D8B0A78004B9F44 /* Products */ = {
			isa = PBXGroup;
			children = (
				C7A66FA61D8B0A78004B9F44 /* SharkFeed.app */,
				C7A66FBF1D8B0A78004B9F44 /* SharkFeedTests.xctest */,
				C7A66FCA1D8B0A78004B9F44 /* SharkFeedUITests.xctest */,
			);
			name = Products;
			sourceTree = "<group>";
		};
		C7A66FA81D8B0A78004B9F44 /* SharkFeed */ = {
			isa = PBXGroup;
			children = (
				C7A66FAC1D8B0A78004B9F44 /* AppDelegate.h */,
				C7A66FAD1D8B0A78004B9F44 /* AppDelegate.m */,
				C72082D11D8B0F20006C345D /* SharkFeedCollectionViewController.h */,
				C72082D21D8B0F20006C345D /* SharkFeedCollectionViewController.m */,
				C72082D61D8B2858006C345D /* SharkPhotosCollectionViewCell.h */,
				C72082D71D8B2858006C345D /* SharkPhotosCollectionViewCell.m */,
				C7A66FB21D8B0A78004B9F44 /* Main.storyboard */,
				C7A66FB51D8B0A78004B9F44 /* Assets.xcassets */,
				C7A66FB71D8B0A78004B9F44 /* LaunchScreen.storyboard */,
				C7A66FBA1D8B0A78004B9F44 /* Info.plist */,
				C7A66FA91D8B0A78004B9F44 /* Supporting Files */,
				C72082DB1D8B7AB3006C345D /* SharkFeedServiceLibrary.h */,
				C72082DC1D8B7AB3006C345D /* SharkFeedServiceLibrary.m */,
				C72082DE1D8B88D2006C345D /* SharkPhoto.h */,
				C72082DF1D8B88D2006C345D /* SharkPhoto.m */,
				C72082E61D8C498C006C345D /* LightBoxViewController.h */,
				C72082E71D8C498C006C345D /* LightBoxViewController.m */,
				C72082E91D8C4B47006C345D /* PhotoInfo.h */,
				C72082EA1D8C4B47006C345D /* PhotoInfo.m */,
				C72082F41D8C76C5006C345D /* NavigationBarView.xib */,
				C72083251D8DD8E3006C345D /* LightBoxSegue.h */,
				C72083261D8DD8E3006C345D /* LightBoxSegue.m */,
				C72083281D8E3B0A006C345D /* UnwindLightBoxSegue.h */,
				C72083291D8E3B0A006C345D /* UnwindLightBoxSegue.m */,
			);
			path = SharkFeed;
			sourceTree = "<group>";
		};
		C7A66FA91D8B0A78004B9F44 /* Supporting Files */ = {
			isa = PBXGroup;
			children = (
				C7A66FAA1D8B0A78004B9F44 /* main.m */,
			);
			name = "Supporting Files";
			sourceTree = "<group>";
		};
		C7A66FC21D8B0A78004B9F44 /* SharkFeedTests */ = {
			isa = PBXGroup;
			children = (
				C7A66FC31D8B0A78004B9F44 /* SharkFeedTests.m */,
				C7A66FC51D8B0A78004B9F44 /* Info.plist */,
			);
			path = SharkFeedTests;
			sourceTree = "<group>";
		};
		C7A66FCD1D8B0A78004B9F44 /* SharkFeedUITests */ = {
			isa = PBXGroup;
			children = (
				C7A66FCE1D8B0A78004B9F44 /* SharkFeedUITests.m */,
				C7A66FD01D8B0A78004B9F44 /* Info.plist */,
			);
			path = SharkFeedUITests;
			sourceTree = "<group>";
		};
/* End PBXGroup section */

/* Begin PBXNativeTarget section */
		C7A66FA51D8B0A78004B9F44 /* SharkFeed */ = {
			isa = PBXNativeTarget;
			buildConfigurationList = C7A66FD31D8B0A78004B9F44 /* Build configuration list for PBXNativeTarget "SharkFeed" */;
			buildPhases = (
				C7A66FA21D8B0A78004B9F44 /* Sources */,
				C7A66FA31D8B0A78004B9F44 /* Frameworks */,
				C7A66FA41D8B0A78004B9F44 /* Resources */,
			);
			buildRules = (
			);
			dependencies = (
			);
			name = SharkFeed;
			productName = SharkFeed;
			productReference = C7A66FA61D8B0A78004B9F44 /* SharkFeed.app */;
			productType = "com.apple.product-type.application";
		};
		C7A66FBE1D8B0A78004B9F44 /* SharkFeedTests */ = {
			isa = PBXNativeTarget;
			buildConfigurationList = C7A66FD61D8B0A78004B9F44 /* Build configuration list for PBXNativeTarget "SharkFeedTests" */;
			buildPhases = (
				C7A66FBB1D8B0A78004B9F44 /* Sources */,
				C7A66FBC1D8B0A78004B9F44 /* Frameworks */,
				C7A66FBD1D8B0A78004B9F44 /* Resources */,
			);
			buildRules = (
			);
			dependencies = (
				C7A66FC11D8B0A78004B9F44 /* PBXTargetDependency */,
			);
			name = SharkFeedTests;
			productName = SharkFeedTests;
			productReference = C7A66FBF1D8B0A78004B9F44 /* SharkFeedTests.xctest */;
			productType = "com.apple.product-type.bundle.unit-test";
		};
		C7A66FC91D8B0A78004B9F44 /* SharkFeedUITests */ = {
			isa = PBXNativeTarget;
			buildConfigurationList = C7A66FD91D8B0A78004B9F44 /* Build configuration list for PBXNativeTarget "SharkFeedUITests" */;
			buildPhases = (
				C7A66FC61D8B0A78004B9F44 /* Sources */,
				C7A66FC71D8B0A78004B9F44 /* Frameworks */,
				C7A66FC81D8B0A78004B9F44 /* Resources */,
			);
			buildRules = (
			);
			dependencies = (
				C7A66FCC1D8B0A78004B9F44 /* PBXTargetDependency */,
			);
			name = SharkFeedUITests;
			productName = SharkFeedUITests;
			productReference = C7A66FCA1D8B0A78004B9F44 /* SharkFeedUITests.xctest */;
			productType = "com.apple.product-type.bundle.ui-testing";
		};
/* End PBXNativeTarget section */

/* Begin PBXProject section */
		C7A66F9E1D8B0A77004B9F44 /* Project object */ = {
			isa = PBXProject;
			attributes = {
				LastUpgradeCheck = 0730;
				ORGANIZATIONNAME = SM;
				TargetAttributes = {
					C7A66FA51D8B0A78004B9F44 = {
						CreatedOnToolsVersion = 7.3.1;
						DevelopmentTeam = 6WY34N5R79;
					};
					C7A66FBE1D8B0A78004B9F44 = {
						CreatedOnToolsVersion = 7.3.1;
						DevelopmentTeam = 2QVH7MS756;
						TestTargetID = C7A66FA51D8B0A78004B9F44;
					};
					C7A66FC91D8B0A78004B9F44 = {
						CreatedOnToolsVersion = 7.3.1;
						DevelopmentTeam = 2QVH7MS756;
						TestTargetID = C7A66FA51D8B0A78004B9F44;
					};
				};
			};
			buildConfigurationList = C7A66FA11D8B0A77004B9F44 /* Build configuration list for PBXProject "SharkFeed" */;
			compatibilityVersion = "Xcode 3.2";
			developmentRegion = English;
			hasScannedForEncodings = 0;
			knownRegions = (
				en,
				Base,
			);
			mainGroup = C7A66F9D1D8B0A77004B9F44;
			productRefGroup = C7A66FA71D8B0A78004B9F44 /* Products */;
			projectDirPath = "";
			projectRoot = "";
			targets = (
				C7A66FA51D8B0A78004B9F44 /* SharkFeed */,
				C7A66FBE1D8B0A78004B9F44 /* SharkFeedTests */,
				C7A66FC91D8B0A78004B9F44 /* SharkFeedUITests */,
			);
		};
/* End PBXProject section */

/* Begin PBXResourcesBuildPhase section */
		C7A66FA41D8B0A78004B9F44 /* Resources */ = {
			isa = PBXResourcesBuildPhase;
			buildActionMask = 2147483647;
			files = (
				C7A66FB91D8B0A78004B9F44 /* LaunchScreen.storyboard in Resources */,
				C7A66FB61D8B0A78004B9F44 /* Assets.xcassets in Resources */,
				C7A66FB41D8B0A78004B9F44 /* Main.storyboard in Resources */,
				C72082F51D8C76C5006C345D /* NavigationBarView.xib in Resources */,
			);
			runOnlyForDeploymentPostprocessing = 0;
		};
		C7A66FBD1D8B0A78004B9F44 /* Resources */ = {
			isa = PBXResourcesBuildPhase;
			buildActionMask = 2147483647;
			files = (
			);
			runOnlyForDeploymentPostprocessing = 0;
		};
		C7A66FC81D8B0A78004B9F44 /* Resources */ = {
			isa = PBXResourcesBuildPhase;
			buildActionMask = 2147483647;
			files = (
			);
			runOnlyForDeploymentPostprocessing = 0;
		};
/* End PBXResourcesBuildPhase section */

/* Begin PBXSourcesBuildPhase section */
		C7A66FA21D8B0A78004B9F44 /* Sources */ = {
			isa = PBXSourcesBuildPhase;
			buildActionMask = 2147483647;
			files = (
				C72083271D8DD8E3006C345D /* LightBoxSegue.m in Sources */,
				C72082EB1D8C4B47006C345D /* PhotoInfo.m in Sources */,
				C7A66FAE1D8B0A78004B9F44 /* AppDelegate.m in Sources */,
				C72082D31D8B0F20006C345D /* SharkFeedCollectionViewController.m in Sources */,
				C72082DD1D8B7AB3006C345D /* SharkFeedServiceLibrary.m in Sources */,
				C72082E81D8C498C006C345D /* LightBoxViewController.m in Sources */,
				C7A66FAB1D8B0A78004B9F44 /* main.m in Sources */,
				C72082E01D8B88D2006C345D /* SharkPhoto.m in Sources */,
				C72082D81D8B2858006C345D /* SharkPhotosCollectionViewCell.m in Sources */,
				C720832A1D8E3B0A006C345D /* UnwindLightBoxSegue.m in Sources */,
			);
			runOnlyForDeploymentPostprocessing = 0;
		};
		C7A66FBB1D8B0A78004B9F44 /* Sources */ = {
			isa = PBXSourcesBuildPhase;
			buildActionMask = 2147483647;
			files = (
				C7A66FC41D8B0A78004B9F44 /* SharkFeedTests.m in Sources */,
			);
			runOnlyForDeploymentPostprocessing = 0;
		};
		C7A66FC61D8B0A78004B9F44 /* Sources */ = {
			isa = PBXSourcesBuildPhase;
			buildActionMask = 2147483647;
			files = (
				C7A66FCF1D8B0A78004B9F44 /* SharkFeedUITests.m in Sources */,
			);
			runOnlyForDeploymentPostprocessing = 0;
		};
/* End PBXSourcesBuildPhase section */

/* Begin PBXTargetDependency section */
		C7A66FC11D8B0A78004B9F44 /* PBXTargetDependency */ = {
			isa = PBXTargetDependency;
			target = C7A66FA51D8B0A78004B9F44 /* SharkFeed */;
			targetProxy = C7A66FC01D8B0A78004B9F44 /* PBXContainerItemProxy */;
		};
		C7A66FCC1D8B0A78004B9F44 /* PBXTargetDependency */ = {
			isa = PBXTargetDependency;
			target = C7A66FA51D8B0A78004B9F44 /* SharkFeed */;
			targetProxy = C7A66FCB1D8B0A78004B9F44 /* PBXContainerItemProxy */;
		};
/* End PBXTargetDependency section */

/* Begin PBXVariantGroup section */
		C7A66FB21D8B0A78004B9F44 /* Main.storyboard */ = {
			isa = PBXVariantGroup;
			children = (
				C7A66FB31D8B0A78004B9F44 /* Base */,
			);
			name = Main.storyboard;
			sourceTree = "<group>";
		};
		C7A66FB71D8B0A78004B9F44 /* LaunchScreen.storyboard */ = {
			isa = PBXVariantGroup;
			children = (
				C7A66FB81D8B0A78004B9F44 /* Base */,
			);
			name = LaunchScreen.storyboard;
			sourceTree = "<group>";
		};
/* End PBXVariantGroup section */

/* Begin XCBuildConfiguration section */
		C7A66FD11D8B0A78004B9F44 /* Debug */ = {
			isa = XCBuildConfiguration;
			buildSettings = {
				ALWAYS_SEARCH_USER_PATHS = NO;
				CLANG_ANALYZER_NONNULL = YES;
				CLANG_CXX_LANGUAGE_STANDARD = "gnu++0x";
				CLANG_CXX_LIBRARY = "libc++";
				CLANG_ENABLE_MODULES = YES;
				CLANG_ENABLE_OBJC_ARC = YES;
				CLANG_WARN_BOOL_CONVERSION = YES;
				CLANG_WARN_CONSTANT_CONVERSION = YES;
				CLANG_WARN_DIRECT_OBJC_ISA_USAGE = YES_ERROR;
				CLANG_WARN_EMPTY_BODY = YES;
				CLANG_WARN_ENUM_CONVERSION = YES;
				CLANG_WARN_INT_CONVERSION = YES;
				CLANG_WARN_OBJC_ROOT_CLASS = YES_ERROR;
				CLANG_WARN_UNREACHABLE_CODE = YES;
				CLANG_WARN__DUPLICATE_METHOD_MATCH = YES;
				CODE_SIGN_IDENTITY = "iPhone Developer";
				"CODE_SIGN_IDENTITY[sdk=iphoneos*]" = "iPhone Developer";
				COPY_PHASE_STRIP = NO;
				DEBUG_INFORMATION_FORMAT = dwarf;
				ENABLE_STRICT_OBJC_MSGSEND = YES;
				ENABLE_TESTABILITY = YES;
				GCC_C_LANGUAGE_STANDARD = gnu99;
				GCC_DYNAMIC_NO_PIC = NO;
				GCC_NO_COMMON_BLOCKS = YES;
				GCC_OPTIMIZATION_LEVEL = 0;
				GCC_PREPROCESSOR_DEFINITIONS = (
					"DEBUG=1",
					"$(inherited)",
				);
				GCC_WARN_64_TO_32_BIT_CONVERSION = YES;
				GCC_WARN_ABOUT_RETURN_TYPE = YES_ERROR;
				GCC_WARN_UNDECLARED_SELECTOR = YES;
				GCC_WARN_UNINITIALIZED_AUTOS = YES_AGGRESSIVE;
				GCC_WARN_UNUSED_FUNCTION = YES;
				GCC_WARN_UNUSED_VARIABLE = YES;
				IPHONEOS_DEPLOYMENT_TARGET = 9.3;
				MTL_ENABLE_DEBUG_INFO = YES;
				ONLY_ACTIVE_ARCH = YES;
				SDKROOT = iphoneos;
				TARGETED_DEVICE_FAMILY = "1,2";
			};
			name = Debug;
		};
		C7A66FD21D8B0A78004B9F44 /* Release */ = {
			isa = XCBuildConfiguration;
			buildSettings = {
				ALWAYS_SEARCH_USER_PATHS = NO;
				CLANG_ANALYZER_NONNULL = YES;
				CLANG_CXX_LANGUAGE_STANDARD = "gnu++0x";
				CLANG_CXX_LIBRARY = "libc++";
				CLANG_ENABLE_MODULES = YES;
				CLANG_ENABLE_OBJC_ARC = YES;
				CLANG_WARN_BOOL_CONVERSION = YES;
				CLANG_WARN_CONSTANT_CONVERSION = YES;
				CLANG_WARN_DIRECT_OBJC_ISA_USAGE = YES_ERROR;
				CLANG_WARN_EMPTY_BODY = YES;
				CLANG_WARN_ENUM_CONVERSION = YES;
				CLANG_WARN_INT_CONVERSION = YES;
				CLANG_WARN_OBJC_ROOT_CLASS = YES_ERROR;
				CLANG_WARN_UNREACHABLE_CODE = YES;
				CLANG_WARN__DUPLICATE_METHOD_MATCH = YES;
				CODE_SIGN_IDENTITY = "iPhone Developer";
				"CODE_SIGN_IDENTITY[sdk=iphoneos*]" = "iPhone Developer";
				COPY_PHASE_STRIP = NO;
				DEBUG_INFORMATION_FORMAT = "dwarf-with-dsym";
				ENABLE_NS_ASSERTIONS = NO;
				ENABLE_STRICT_OBJC_MSGSEND = YES;
				GCC_C_LANGUAGE_STANDARD = gnu99;
				GCC_NO_COMMON_BLOCKS = YES;
				GCC_WARN_64_TO_32_BIT_CONVERSION = YES;
				GCC_WARN_ABOUT_RETURN_TYPE = YES_ERROR;
				GCC_WARN_UNDECLARED_SELECTOR = YES;
				GCC_WARN_UNINITIALIZED_AUTOS = YES_AGGRESSIVE;
				GCC_WARN_UNUSED_FUNCTION = YES;
				GCC_WARN_UNUSED_VARIABLE = YES;
				IPHONEOS_DEPLOYMENT_TARGET = 9.3;
				MTL_ENABLE_DEBUG_INFO = NO;
				SDKROOT = iphoneos;
				TARGETED_DEVICE_FAMILY = "1,2";
				VALIDATE_PRODUCT = YES;
			};
			name = Release;
		};
		C7A66FD41D8B0A78004B9F44 /* Debug */ = {
			isa = XCBuildConfiguration;
			buildSettings = {
				ASSETCATALOG_COMPILER_APPICON_NAME = AppIcon;
				CODE_SIGN_IDENTITY = "iPhone Developer";
				"CODE_SIGN_IDENTITY[sdk=iphoneos*]" = "iPhone Developer";
				INFOPLIST_FILE = SharkFeed/Info.plist;
				LD_RUNPATH_SEARCH_PATHS = "$(inherited) @executable_path/Frameworks";
				PRODUCT_BUNDLE_IDENTIFIER = com.Swagat.SharksFeed;
				PRODUCT_NAME = "$(TARGET_NAME)";
				PROVISIONING_PROFILE = "";
			};
			name = Debug;
		};
		C7A66FD51D8B0A78004B9F44 /* Release */ = {
			isa = XCBuildConfiguration;
			buildSettings = {
				ASSETCATALOG_COMPILER_APPICON_NAME = AppIcon;
				CODE_SIGN_IDENTITY = "iPhone Developer";
				"CODE_SIGN_IDENTITY[sdk=iphoneos*]" = "iPhone Developer";
				INFOPLIST_FILE = SharkFeed/Info.plist;
				LD_RUNPATH_SEARCH_PATHS = "$(inherited) @executable_path/Frameworks";
				PRODUCT_BUNDLE_IDENTIFIER = com.Swagat.SharksFeed;
				PRODUCT_NAME = "$(TARGET_NAME)";
				PROVISIONING_PROFILE = "";
			};
			name = Release;
		};
		C7A66FD71D8B0A78004B9F44 /* Debug */ = {
			isa = XCBuildConfiguration;
			buildSettings = {
				BUNDLE_LOADER = "$(TEST_HOST)";
				INFOPLIST_FILE = SharkFeedTests/Info.plist;
				LD_RUNPATH_SEARCH_PATHS = "$(inherited) @executable_path/Frameworks @loader_path/Frameworks";
				PRODUCT_BUNDLE_IDENTIFIER = com.swagatmishra.SharkFeedTests;
				PRODUCT_NAME = "$(TARGET_NAME)";
				TEST_HOST = "$(BUILT_PRODUCTS_DIR)/SharkFeed.app/SharkFeed";
			};
			name = Debug;
		};
		C7A66FD81D8B0A78004B9F44 /* Release */ = {
			isa = XCBuildConfiguration;
			buildSettings = {
				BUNDLE_LOADER = "$(TEST_HOST)";
				INFOPLIST_FILE = SharkFeedTests/Info.plist;
				LD_RUNPATH_SEARCH_PATHS = "$(inherited) @executable_path/Frameworks @loader_path/Frameworks";
				PRODUCT_BUNDLE_IDENTIFIER = com.swagatmishra.SharkFeedTests;
				PRODUCT_NAME = "$(TARGET_NAME)";
				TEST_HOST = "$(BUILT_PRODUCTS_DIR)/SharkFeed.app/SharkFeed";
			};
			name = Release;
		};
		C7A66FDA1D8B0A78004B9F44 /* Debug */ = {
			isa = XCBuildConfiguration;
			buildSettings = {
				INFOPLIST_FILE = SharkFeedUITests/Info.plist;
				LD_RUNPATH_SEARCH_PATHS = "$(inherited) @executable_path/Frameworks @loader_path/Frameworks";
				PRODUCT_BUNDLE_IDENTIFIER = com.swagatmishra.SharkFeedUITests;
				PRODUCT_NAME = "$(TARGET_NAME)";
				TEST_TARGET_NAME = SharkFeed;
			};
			name = Debug;
		};
		C7A66FDB1D8B0A78004B9F44 /* Release */ = {
			isa = XCBuildConfiguration;
			buildSettings = {
				INFOPLIST_FILE = SharkFeedUITests/Info.plist;
				LD_RUNPATH_SEARCH_PATHS = "$(inherited) @executable_path/Frameworks @loader_path/Frameworks";
				PRODUCT_BUNDLE_IDENTIFIER = com.swagatmishra.SharkFeedUITests;
				PRODUCT_NAME = "$(TARGET_NAME)";
				TEST_TARGET_NAME = SharkFeed;
			};
			name = Release;
		};
/* End XCBuildConfiguration section */

/* Begin XCConfigurationList section */
		C7A66FA11D8B0A77004B9F44 /* Build configuration list for PBXProject "SharkFeed" */ = {
			isa = XCConfigurationList;
			buildConfigurations = (
				C7A66FD11D8B0A78004B9F44 /* Debug */,
				C7A66FD21D8B0A78004B9F44 /* Release */,
			);
			defaultConfigurationIsVisible = 0;
			defaultConfigurationName = Release;
		};
		C7A66FD31D8B0A78004B9F44 /* Build configuration list for PBXNativeTarget "SharkFeed" */ = {
			isa = XCConfigurationList;
			buildConfigurations = (
				C7A66FD41D8B0A78004B9F44 /* Debug */,
				C7A66FD51D8B0A78004B9F44 /* Release */,
			);
			defaultConfigurationIsVisible = 0;
			defaultConfigurationName = Release;
		};
		C7A66FD61D8B0A78004B9F44 /* Build configuration list for PBXNativeTarget "SharkFeedTests" */ = {
			isa = XCConfigurationList;
			buildConfigurations = (
				C7A66FD71D8B0A78004B9F44 /* Debug */,
				C7A66FD81D8B0A78004B9F44 /* Release */,
			);
			defaultConfigurationIsVisible = 0;
			defaultConfigurationName = Release;
		};
		C7A66FD91D8B0A78004B9F44 /* Build configuration list for PBXNativeTarget "SharkFeedUITests" */ = {
			isa = XCConfigurationList;
			buildConfigurations = (
				C7A66FDA1D8B0A78004B9F44 /* Debug */,
				C7A66FDB1D8B0A78004B9F44 /* Release */,
			);
			defaultConfigurationIsVisible = 0;
			defaultConfigurationName = Release;
		};
/* End XCConfigurationList section */
	};
	rootObject = C7A66F9E1D8B0A77004B9F44 /* Project object */;
}
